
Microsoft Visual Studio Solution File, Format Version 12.00
# Visual Studio Version 17
VisualStudioVersion = 17.1.32228.430
MinimumVisualStudioVersion = 10.0.40219.1
Project("{FAE04EC0-301F-11D3-BF4B-00C04F79EFBC}") = "HelloWorld", "HelloWorld\HelloWorld.csproj", "{8EC9987B-AFF9-468D-95B2-CF41E0015A6D}"
EndProject
Global
	GlobalSection(SolutionConfigurationPlatforms) = preSolution
		Debug|Any CPU = Debug|Any CPU
		Release|Any CPU = Release|Any CPU
	EndGlobalSection
	GlobalSection(ProjectConfigurationPlatforms) = postSolution
		{8EC9987B-AFF9-468D-95B2-CF41E0015A6D}.Debug|Any CPU.ActiveCfg = Debug|Any CPU
		{8EC9987B-AFF9-468D-95B2-CF41E0015A6D}.Debug|Any CPU.Build.0 = Debug|Any CPU
		{8EC9987B-AFF9-468D-95B2-CF41E0015A6D}.Release|Any CPU.ActiveCfg = Release|Any CPU
		{8EC9987B-AFF9-468D-95B2-CF41E0015A6D}.Release|Any CPU.Build.0 = Release|Any CPU
	EndGlobalSection
	GlobalSection(SolutionProperties) = preSolution
		HideSolutionNode = FALSE
	EndGlobalSection
	GlobalSection(ExtensibilityGlobals) = postSolution
		SolutionGuid = {6EA01644-D355-45CB-A90A-15F98DEFD78C}
	EndGlobalSection
EndGlobal
